
Microsoft Visual Studio Solution File, Format Version 12.00
# Visual Studio Version 16
VisualStudioVersion = 16.0.29613.14
MinimumVisualStudioVersion = 10.0.40219.1
Project("{FAE04EC0-301F-11D3-BF4B-00C04F79EFBC}") = "ElibraryManagment", "WebApplication1\ElibraryManagment.csproj", "{526C815B-A15E-4D92-915A-B2016A33ED47}"
EndProject
Global
	GlobalSection(SolutionConfigurationPlatforms) = preSolution
		Debug|Any CPU = Debug|Any CPU
		Release|Any CPU = Release|Any CPU
	EndGlobalSection
	GlobalSection(ProjectConfigurationPlatforms) = postSolution
		{526C815B-A15E-4D92-915A-B2016A33ED47}.Debug|Any CPU.ActiveCfg = Debug|Any CPU
		{526C815B-A15E-4D92-915A-B2016A33ED47}.Debug|Any CPU.Build.0 = Debug|Any CPU
		{526C815B-A15E-4D92-915A-B2016A33ED47}.Release|Any CPU.ActiveCfg = Release|Any CPU
		{526C815B-A15E-4D92-915A-B2016A33ED47}.Release|Any CPU.Build.0 = Release|Any CPU
	EndGlobalSection
	GlobalSection(SolutionProperties) = preSolution
		HideSolutionNode = FALSE
	EndGlobalSection
	GlobalSection(ExtensibilityGlobals) = postSolution
		SolutionGuid = {DA497DF7-1D59-4343-991C-00671845ADA9}
	EndGlobalSection
EndGlobal
